
Microsoft Visual Studio Solution File, Format Version 12.00
# Visual Studio Version 17
VisualStudioVersion = 17.0.31903.59
MinimumVisualStudioVersion = 10.0.40219.1
Project("{9A19103F-16F7-4668-BE54-9A1E7A4F7556}") = "DataRepository", "src\DataRepository\DataRepository.csproj", "{A21831F6-65BE-49D9-A119-E7D14D23A2BF}"
EndProject
Project("{9A19103F-16F7-4668-BE54-9A1E7A4F7556}") = "DataRepository.EFCore", "src\DataRepository.EFCore\DataRepository.EFCore.csproj", "{4BB8FBCA-5A1C-4E30-B5B0-A67C76D52E96}"
EndProject
Project("{2150E333-8FDC-42A3-9474-1A3956D46DE8}") = "tests", "tests", "{29CD2462-B78F-4EC6-AF4C-788AB49AB26C}"
EndProject
Project("{9A19103F-16F7-4668-BE54-9A1E7A4F7556}") = "DataRepository.Test", "tests\DataRepository.Test\DataRepository.Test.csproj", "{747C7A15-3E34-4E88-85AA-0B285578EC9E}"
EndProject
Project("{9A19103F-16F7-4668-BE54-9A1E7A4F7556}") = "DataRepository.EFCore.Test", "tests\DataRepository.EFCore.Test\DataRepository.EFCore.Test.csproj", "{5D3AF509-42AE-4724-A2CA-9DFF5490BB7A}"
EndProject
Project("{2150E333-8FDC-42A3-9474-1A3956D46DE8}") = "samples", "samples", "{BAF50800-4CD8-447A-A19D-5A837005BA4C}"
EndProject
Project("{9A19103F-16F7-4668-BE54-9A1E7A4F7556}") = "DataRepository.Benchmark", "tests\DataRepository.Benchmark\DataRepository.Benchmark.csproj", "{D0A895CB-29F7-46BD-81F5-4B490BA617B8}"
EndProject
Project("{FAE04EC0-301F-11D3-BF4B-00C04F79EFBC}") = "DataRepository.SampleWeb", "samples\DataRepository.SampleWeb\DataRepository.SampleWeb.csproj", "{7AF33E7E-7011-4688-977F-2343D36BE70F}"
EndProject
Project("{FAE04EC0-301F-11D3-BF4B-00C04F79EFBC}") = "DataRepository.EFCore.DependencyInjection", "src\DataRepository.EFCore.DependencyInjection\DataRepository.EFCore.DependencyInjection.csproj", "{C6DAE305-F6D3-4CC4-9B4B-A6A00731E604}"
EndProject
Project("{FAE04EC0-301F-11D3-BF4B-00C04F79EFBC}") = "DataRepository.Casing", "src\DataRepository.Casing\DataRepository.Casing.csproj", "{A2AD2B97-82C9-448A-9695-36F97E0B053C}"
EndProject
Project("{FAE04EC0-301F-11D3-BF4B-00C04F79EFBC}") = "DataRepository.Casing.Redis", "src\DataRepository.Casing.Redis\DataRepository.Casing.Redis.csproj", "{83E888AF-C4D6-44B6-83F8-60C58EF0E032}"
EndProject
Project("{FAE04EC0-301F-11D3-BF4B-00C04F79EFBC}") = "DataRepository.Casing.Redis.Test", "tests\DataRepository.Casing.Redis.Test\DataRepository.Casing.Redis.Test.csproj", "{F21AF8ED-5DF5-4E8E-B1B4-C7D222AF471A}"
EndProject
Global
	GlobalSection(SolutionConfigurationPlatforms) = preSolution
		Debug|Any CPU = Debug|Any CPU
		Release|Any CPU = Release|Any CPU
	EndGlobalSection
	GlobalSection(ProjectConfigurationPlatforms) = postSolution
		{A21831F6-65BE-49D9-A119-E7D14D23A2BF}.Debug|Any CPU.ActiveCfg = Debug|Any CPU
		{A21831F6-65BE-49D9-A119-E7D14D23A2BF}.Debug|Any CPU.Build.0 = Debug|Any CPU
		{A21831F6-65BE-49D9-A119-E7D14D23A2BF}.Release|Any CPU.ActiveCfg = Release|Any CPU
		{A21831F6-65BE-49D9-A119-E7D14D23A2BF}.Release|Any CPU.Build.0 = Release|Any CPU
		{4BB8FBCA-5A1C-4E30-B5B0-A67C76D52E96}.Debug|Any CPU.ActiveCfg = Debug|Any CPU
		{4BB8FBCA-5A1C-4E30-B5B0-A67C76D52E96}.Debug|Any CPU.Build.0 = Debug|Any CPU
		{4BB8FBCA-5A1C-4E30-B5B0-A67C76D52E96}.Release|Any CPU.ActiveCfg = Release|Any CPU
		{4BB8FBCA-5A1C-4E30-B5B0-A67C76D52E96}.Release|Any CPU.Build.0 = Release|Any CPU
		{747C7A15-3E34-4E88-85AA-0B285578EC9E}.Debug|Any CPU.ActiveCfg = Debug|Any CPU
		{747C7A15-3E34-4E88-85AA-0B285578EC9E}.Debug|Any CPU.Build.0 = Debug|Any CPU
		{747C7A15-3E34-4E88-85AA-0B285578EC9E}.Release|Any CPU.ActiveCfg = Release|Any CPU
		{747C7A15-3E34-4E88-85AA-0B285578EC9E}.Release|Any CPU.Build.0 = Release|Any CPU
		{5D3AF509-42AE-4724-A2CA-9DFF5490BB7A}.Debug|Any CPU.ActiveCfg = Debug|Any CPU
		{5D3AF509-42AE-4724-A2CA-9DFF5490BB7A}.Debug|Any CPU.Build.0 = Debug|Any CPU
		{5D3AF509-42AE-4724-A2CA-9DFF5490BB7A}.Release|Any CPU.ActiveCfg = Release|Any CPU
		{5D3AF509-42AE-4724-A2CA-9DFF5490BB7A}.Release|Any CPU.Build.0 = Release|Any CPU
		{D0A895CB-29F7-46BD-81F5-4B490BA617B8}.Debug|Any CPU.ActiveCfg = Debug|Any CPU
		{D0A895CB-29F7-46BD-81F5-4B490BA617B8}.Debug|Any CPU.Build.0 = Debug|Any CPU
		{D0A895CB-29F7-46BD-81F5-4B490BA617B8}.Release|Any CPU.ActiveCfg = Release|Any CPU
		{D0A895CB-29F7-46BD-81F5-4B490BA617B8}.Release|Any CPU.Build.0 = Release|Any CPU
		{7AF33E7E-7011-4688-977F-2343D36BE70F}.Debug|Any CPU.ActiveCfg = Debug|Any CPU
		{7AF33E7E-7011-4688-977F-2343D36BE70F}.Debug|Any CPU.Build.0 = Debug|Any CPU
		{7AF33E7E-7011-4688-977F-2343D36BE70F}.Release|Any CPU.ActiveCfg = Release|Any CPU
		{7AF33E7E-7011-4688-977F-2343D36BE70F}.Release|Any CPU.Build.0 = Release|Any CPU
		{C6DAE305-F6D3-4CC4-9B4B-A6A00731E604}.Debug|Any CPU.ActiveCfg = Debug|Any CPU
		{C6DAE305-F6D3-4CC4-9B4B-A6A00731E604}.Debug|Any CPU.Build.0 = Debug|Any CPU
		{C6DAE305-F6D3-4CC4-9B4B-A6A00731E604}.Release|Any CPU.ActiveCfg = Release|Any CPU
		{C6DAE305-F6D3-4CC4-9B4B-A6A00731E604}.Release|Any CPU.Build.0 = Release|Any CPU
		{A2AD2B97-82C9-448A-9695-36F97E0B053C}.Debug|Any CPU.ActiveCfg = Debug|Any CPU
		{A2AD2B97-82C9-448A-9695-36F97E0B053C}.Debug|Any CPU.Build.0 = Debug|Any CPU
		{A2AD2B97-82C9-448A-9695-36F97E0B053C}.Release|Any CPU.ActiveCfg = Release|Any CPU
		{A2AD2B97-82C9-448A-9695-36F97E0B053C}.Release|Any CPU.Build.0 = Release|Any CPU
		{83E888AF-C4D6-44B6-83F8-60C58EF0E032}.Debug|Any CPU.ActiveCfg = Debug|Any CPU
		{83E888AF-C4D6-44B6-83F8-60C58EF0E032}.Debug|Any CPU.Build.0 = Debug|Any CPU
		{83E888AF-C4D6-44B6-83F8-60C58EF0E032}.Release|Any CPU.ActiveCfg = Release|Any CPU
		{83E888AF-C4D6-44B6-83F8-60C58EF0E032}.Release|Any CPU.Build.0 = Release|Any CPU
		{F21AF8ED-5DF5-4E8E-B1B4-C7D222AF471A}.Debug|Any CPU.ActiveCfg = Debug|Any CPU
		{F21AF8ED-5DF5-4E8E-B1B4-C7D222AF471A}.Debug|Any CPU.Build.0 = Debug|Any CPU
		{F21AF8ED-5DF5-4E8E-B1B4-C7D222AF471A}.Release|Any CPU.ActiveCfg = Release|Any CPU
		{F21AF8ED-5DF5-4E8E-B1B4-C7D222AF471A}.Release|Any CPU.Build.0 = Release|Any CPU
	EndGlobalSection
	GlobalSection(SolutionProperties) = preSolution
		HideSolutionNode = FALSE
	EndGlobalSection
	GlobalSection(NestedProjects) = preSolution
		{747C7A15-3E34-4E88-85AA-0B285578EC9E} = {29CD2462-B78F-4EC6-AF4C-788AB49AB26C}
		{5D3AF509-42AE-4724-A2CA-9DFF5490BB7A} = {29CD2462-B78F-4EC6-AF4C-788AB49AB26C}
		{D0A895CB-29F7-46BD-81F5-4B490BA617B8} = {29CD2462-B78F-4EC6-AF4C-788AB49AB26C}
		{7AF33E7E-7011-4688-977F-2343D36BE70F} = {BAF50800-4CD8-447A-A19D-5A837005BA4C}
		{F21AF8ED-5DF5-4E8E-B1B4-C7D222AF471A} = {29CD2462-B78F-4EC6-AF4C-788AB49AB26C}
	EndGlobalSection
	GlobalSection(ExtensibilityGlobals) = postSolution
		SolutionGuid = {21FD3793-CC16-408F-A6A2-C88FC152D4F1}
	EndGlobalSection
EndGlobal
